
Microsoft Visual Studio Solution File, Format Version 12.00
# Visual Studio 15
VisualStudioVersion = 15.0.26403.3
MinimumVisualStudioVersion = 10.0.40219.1
Project("{8BC9CEB8-8B4A-11D0-8D11-00A0C91BC942}") = "mclib", "mclib\mclib.vcxproj", "{2A6A98AE-F46F-4C53-8E64-003289FEB7E7}"
EndProject
Project("{8BC9CEB8-8B4A-11D0-8D11-00A0C91BC942}") = "client", "client\client.vcxproj", "{7B297A7F-71E7-4C85-B840-5A6832D4A34A}"
	ProjectSection(ProjectDependencies) = postProject
		{2A6A98AE-F46F-4C53-8E64-003289FEB7E7} = {2A6A98AE-F46F-4C53-8E64-003289FEB7E7}
	EndProjectSection
EndProject
Project("{8BC9CEB8-8B4A-11D0-8D11-00A0C91BC942}") = "Launcher", "Launcher\Launcher.vcxproj", "{7B297A7F-71E7-4C85-B840-5A6832D4A34B}"
	ProjectSection(ProjectDependencies) = postProject
		{2A6A98AE-F46F-4C53-8E64-003289FEB7E7} = {2A6A98AE-F46F-4C53-8E64-003289FEB7E7}
	EndProjectSection
EndProject
Project("{2150E333-8FDC-42A3-9474-1A3956D46DE8}") = "ZenonEngine", "ZenonEngine", "{5D965104-E37C-4AAD-9BAD-DF4761CDB1A4}"
EndProject
Project("{8BC9CEB8-8B4A-11D0-8D11-00A0C91BC942}") = "znCore", "..\ZenonEngine\znCore\znCore.vcxproj", "{A4E6F769-0036-4128-A409-495D9207F587}"
EndProject
Project("{8BC9CEB8-8B4A-11D0-8D11-00A0C91BC942}") = "znEngine", "..\ZenonEngine\znEngine\znEngine.vcxproj", "{51252F60-B8DC-4090-BBA3-DD05942110F0}"
	ProjectSection(ProjectDependencies) = postProject
		{7DB10B50-CE00-447A-B322-6844F05D2FCB} = {7DB10B50-CE00-447A-B322-6844F05D2FCB}
		{33134F61-C1AD-4B6F-9999-503A9F140C52} = {33134F61-C1AD-4B6F-9999-503A9F140C52}
		{33134F61-C1AD-4B6F-9CEA-503A9F140C52} = {33134F61-C1AD-4B6F-9CEA-503A9F140C52}
		{590C7C79-AE16-4DB2-B61C-BB7B25B76B42} = {590C7C79-AE16-4DB2-B61C-BB7B25B76B42}
		{78B079BD-9FC7-4B9E-B4A6-96DA0F00248B} = {78B079BD-9FC7-4B9E-B4A6-96DA0F00248B}
	EndProjectSection
EndProject
Project("{8BC9CEB8-8B4A-11D0-8D11-00A0C91BC942}") = "znPlatformWindows", "..\ZenonEngine\znPlatformWindows\znPlatformWindows.vcxproj", "{C077D800-0DBE-4CDA-A586-0E65821D9AAA}"
EndProject
Project("{8BC9CEB8-8B4A-11D0-8D11-00A0C91BC942}") = "znPlugin", "..\ZenonEngine\znPlugin\znPlugin.vcxproj", "{C077D800-0DBE-4CDA-A586-0E65821D91DB}"
EndProject
Project("{8BC9CEB8-8B4A-11D0-8D11-00A0C91BC942}") = "znPluginFBXModels", "..\ZenonEngine\znPluginFBXModels\znPluginFBXModels.vcxproj", "{C077D800-0DBE-4CDA-A5AA-0E65821D91DB}"
EndProject
Project("{8BC9CEB8-8B4A-11D0-8D11-00A0C91BC942}") = "znRender", "..\ZenonEngine\znRender\znRender.vcxproj", "{4BFB75A1-EE52-478A-BDAC-30FFB977EBB7}"
EndProject
Project("{8BC9CEB8-8B4A-11D0-8D11-00A0C91BC942}") = "znRenderDX11", "..\ZenonEngine\znRenderDX11\znRenderDX11.vcxproj", "{590C7C79-AE16-4DB2-B61C-BB7B25B76B42}"
	ProjectSection(ProjectDependencies) = postProject
		{4BFB75A1-EE52-478A-BDAC-30FFB977EBB7} = {4BFB75A1-EE52-478A-BDAC-30FFB977EBB7}
	EndProjectSection
EndProject
Project("{8BC9CEB8-8B4A-11D0-8D11-00A0C91BC942}") = "znRenderOpenGL", "..\ZenonEngine\znRenderOpenGL\znRenderOpenGL.vcxproj", "{102DC6F1-CB83-4203-BA24-1C9E812FDE4B}"
EndProject
Project("{8BC9CEB8-8B4A-11D0-8D11-00A0C91BC942}") = "znScriptEnginePlugin", "..\ZenonEngine\znScriptEnginePlugin\znScriptEnginePlugin.vcxproj", "{F612A767-BA00-42BA-9FDD-C2350132E07F}"
EndProject
Project("{2150E333-8FDC-42A3-9474-1A3956D46DE8}") = "Plugins", "Plugins", "{565DC71C-67B1-4B11-A868-5A6EAE8E2AF0}"
EndProject
Project("{2150E333-8FDC-42A3-9474-1A3956D46DE8}") = "3rd party", "3rd party", "{1A86B04A-5BD9-47FD-8255-5F309B3FD71B}"
EndProject
Project("{8BC9CEB8-8B4A-11D0-8D11-00A0C91BC942}") = "zlib", "..\ZenonEngine\Externals\zlib\zlib.vcxproj", "{33134F61-C1AD-4B6F-9CEA-503A9F140C52}"
EndProject
Project("{8BC9CEB8-8B4A-11D0-8D11-00A0C91BC942}") = "libpng", "..\ZenonEngine\Externals\libpng\libpng.vcxproj", "{7DB10B50-CE00-447A-B322-6844F05D2FCB}"
EndProject
Project("{8BC9CEB8-8B4A-11D0-8D11-00A0C91BC942}") = "freetype", "..\ZenonEngine\Externals\freetype\freetype.vcxproj", "{78B079BD-9FC7-4B9E-B4A6-96DA0F00248B}"
EndProject
Project("{8BC9CEB8-8B4A-11D0-8D11-00A0C91BC942}") = "reactphysics3d", "..\ZenonEngine\Externals\reactphysics3d\reactphysics3d.vcxproj", "{33134F61-C1AD-4B6F-9999-503A9F140C52}"
EndProject
Project("{2150E333-8FDC-42A3-9474-1A3956D46DE8}") = "OpenMinecraft", "OpenMinecraft", "{0FB85913-F176-4254-9DFA-4E8AFBC24C9A}"
EndProject
Project("{2150E333-8FDC-42A3-9474-1A3956D46DE8}") = "Binaries", "Binaries", "{1BF13067-FCDC-4AF9-935F-E47B9C34D8EF}"
EndProject
Project("{8BC9CEB8-8B4A-11D0-8D11-00A0C91BC942}") = "Game", "..\ZenonEngine\Game\Game.vcxproj", "{24037B59-E2A0-4432-9A22-888691117321}"
EndProject
Project("{8BC9CEB8-8B4A-11D0-8D11-00A0C91BC942}") = "Game_Console", "..\ZenonEngine\Game_Console\Game_Console.vcxproj", "{24037B59-E2A0-4432-9A22-888691117322}"
EndProject
Project("{8BC9CEB8-8B4A-11D0-8D11-00A0C91BC942}") = "Editor", "..\ZenonEngine\Editor\Editor.vcxproj", "{B12702AD-ABFB-343A-A199-8E24837244A3}"
EndProject
Global
	GlobalSection(SolutionConfigurationPlatforms) = preSolution
		Debug|x64 = Debug|x64
		Release|x64 = Release|x64
	EndGlobalSection
	GlobalSection(ProjectConfigurationPlatforms) = postSolution
		{2A6A98AE-F46F-4C53-8E64-003289FEB7E7}.Debug|x64.ActiveCfg = Debug|x64
		{2A6A98AE-F46F-4C53-8E64-003289FEB7E7}.Debug|x64.Build.0 = Debug|x64
		{2A6A98AE-F46F-4C53-8E64-003289FEB7E7}.Release|x64.ActiveCfg = Release|x64
		{2A6A98AE-F46F-4C53-8E64-003289FEB7E7}.Release|x64.Build.0 = Release|x64
		{7B297A7F-71E7-4C85-B840-5A6832D4A34A}.Debug|x64.ActiveCfg = Debug|x64
		{7B297A7F-71E7-4C85-B840-5A6832D4A34A}.Debug|x64.Build.0 = Debug|x64
		{7B297A7F-71E7-4C85-B840-5A6832D4A34A}.Release|x64.ActiveCfg = Release|x64
		{7B297A7F-71E7-4C85-B840-5A6832D4A34A}.Release|x64.Build.0 = Release|x64
		{7B297A7F-71E7-4C85-B840-5A6832D4A34B}.Debug|x64.ActiveCfg = Debug|x64
		{7B297A7F-71E7-4C85-B840-5A6832D4A34B}.Debug|x64.Build.0 = Debug|x64
		{7B297A7F-71E7-4C85-B840-5A6832D4A34B}.Release|x64.ActiveCfg = Release|x64
		{7B297A7F-71E7-4C85-B840-5A6832D4A34B}.Release|x64.Build.0 = Release|x64
		{A4E6F769-0036-4128-A409-495D9207F587}.Debug|x64.ActiveCfg = Debug|x64
		{A4E6F769-0036-4128-A409-495D9207F587}.Debug|x64.Build.0 = Debug|x64
		{A4E6F769-0036-4128-A409-495D9207F587}.Release|x64.ActiveCfg = Release|x64
		{A4E6F769-0036-4128-A409-495D9207F587}.Release|x64.Build.0 = Release|x64
		{51252F60-B8DC-4090-BBA3-DD05942110F0}.Debug|x64.ActiveCfg = Debug|x64
		{51252F60-B8DC-4090-BBA3-DD05942110F0}.Debug|x64.Build.0 = Debug|x64
		{51252F60-B8DC-4090-BBA3-DD05942110F0}.Release|x64.ActiveCfg = Release|x64
		{51252F60-B8DC-4090-BBA3-DD05942110F0}.Release|x64.Build.0 = Release|x64
		{C077D800-0DBE-4CDA-A586-0E65821D9AAA}.Debug|x64.ActiveCfg = Debug|x64
		{C077D800-0DBE-4CDA-A586-0E65821D9AAA}.Debug|x64.Build.0 = Debug|x64
		{C077D800-0DBE-4CDA-A586-0E65821D9AAA}.Release|x64.ActiveCfg = Release|x64
		{C077D800-0DBE-4CDA-A586-0E65821D9AAA}.Release|x64.Build.0 = Release|x64
		{C077D800-0DBE-4CDA-A586-0E65821D91DB}.Debug|x64.ActiveCfg = Debug|x64
		{C077D800-0DBE-4CDA-A586-0E65821D91DB}.Debug|x64.Build.0 = Debug|x64
		{C077D800-0DBE-4CDA-A586-0E65821D91DB}.Release|x64.ActiveCfg = Release|x64
		{C077D800-0DBE-4CDA-A586-0E65821D91DB}.Release|x64.Build.0 = Release|x64
		{C077D800-0DBE-4CDA-A5AA-0E65821D91DB}.Debug|x64.ActiveCfg = Debug|x64
		{C077D800-0DBE-4CDA-A5AA-0E65821D91DB}.Debug|x64.Build.0 = Debug|x64
		{C077D800-0DBE-4CDA-A5AA-0E65821D91DB}.Release|x64.ActiveCfg = Release|x64
		{C077D800-0DBE-4CDA-A5AA-0E65821D91DB}.Release|x64.Build.0 = Release|x64
		{4BFB75A1-EE52-478A-BDAC-30FFB977EBB7}.Debug|x64.ActiveCfg = Debug|x64
		{4BFB75A1-EE52-478A-BDAC-30FFB977EBB7}.Debug|x64.Build.0 = Debug|x64
		{4BFB75A1-EE52-478A-BDAC-30FFB977EBB7}.Release|x64.ActiveCfg = Release|x64
		{4BFB75A1-EE52-478A-BDAC-30FFB977EBB7}.Release|x64.Build.0 = Release|x64
		{590C7C79-AE16-4DB2-B61C-BB7B25B76B42}.Debug|x64.ActiveCfg = Debug|x64
		{590C7C79-AE16-4DB2-B61C-BB7B25B76B42}.Debug|x64.Build.0 = Debug|x64
		{590C7C79-AE16-4DB2-B61C-BB7B25B76B42}.Release|x64.ActiveCfg = Release|x64
		{590C7C79-AE16-4DB2-B61C-BB7B25B76B42}.Release|x64.Build.0 = Release|x64
		{102DC6F1-CB83-4203-BA24-1C9E812FDE4B}.Debug|x64.ActiveCfg = Debug|x64
		{102DC6F1-CB83-4203-BA24-1C9E812FDE4B}.Debug|x64.Build.0 = Debug|x64
		{102DC6F1-CB83-4203-BA24-1C9E812FDE4B}.Release|x64.ActiveCfg = Release|x64
		{102DC6F1-CB83-4203-BA24-1C9E812FDE4B}.Release|x64.Build.0 = Release|x64
		{F612A767-BA00-42BA-9FDD-C2350132E07F}.Debug|x64.ActiveCfg = Debug|x64
		{F612A767-BA00-42BA-9FDD-C2350132E07F}.Debug|x64.Build.0 = Debug|x64
		{F612A767-BA00-42BA-9FDD-C2350132E07F}.Release|x64.ActiveCfg = Release|x64
		{F612A767-BA00-42BA-9FDD-C2350132E07F}.Release|x64.Build.0 = Release|x64
		{33134F61-C1AD-4B6F-9CEA-503A9F140C52}.Debug|x64.ActiveCfg = Debug|x64
		{33134F61-C1AD-4B6F-9CEA-503A9F140C52}.Debug|x64.Build.0 = Debug|x64
		{33134F61-C1AD-4B6F-9CEA-503A9F140C52}.Release|x64.ActiveCfg = Release|x64
		{33134F61-C1AD-4B6F-9CEA-503A9F140C52}.Release|x64.Build.0 = Release|x64
		{7DB10B50-CE00-447A-B322-6844F05D2FCB}.Debug|x64.ActiveCfg = Debug|x64
		{7DB10B50-CE00-447A-B322-6844F05D2FCB}.Debug|x64.Build.0 = Debug|x64
		{7DB10B50-CE00-447A-B322-6844F05D2FCB}.Release|x64.ActiveCfg = Release|x64
		{7DB10B50-CE00-447A-B322-6844F05D2FCB}.Release|x64.Build.0 = Release|x64
		{78B079BD-9FC7-4B9E-B4A6-96DA0F00248B}.Debug|x64.ActiveCfg = Debug|x64
		{78B079BD-9FC7-4B9E-B4A6-96DA0F00248B}.Debug|x64.Build.0 = Debug|x64
		{78B079BD-9FC7-4B9E-B4A6-96DA0F00248B}.Release|x64.ActiveCfg = Release|x64
		{78B079BD-9FC7-4B9E-B4A6-96DA0F00248B}.Release|x64.Build.0 = Release|x64
		{33134F61-C1AD-4B6F-9999-503A9F140C52}.Debug|x64.ActiveCfg = Debug|x64
		{33134F61-C1AD-4B6F-9999-503A9F140C52}.Debug|x64.Build.0 = Debug|x64
		{33134F61-C1AD-4B6F-9999-503A9F140C52}.Release|x64.ActiveCfg = Release|x64
		{33134F61-C1AD-4B6F-9999-503A9F140C52}.Release|x64.Build.0 = Release|x64
		{24037B59-E2A0-4432-9A22-888691117321}.Debug|x64.ActiveCfg = Debug|x64
		{24037B59-E2A0-4432-9A22-888691117321}.Debug|x64.Build.0 = Debug|x64
		{24037B59-E2A0-4432-9A22-888691117321}.Release|x64.ActiveCfg = Release|x64
		{24037B59-E2A0-4432-9A22-888691117321}.Release|x64.Build.0 = Release|x64
		{24037B59-E2A0-4432-9A22-888691117322}.Debug|x64.ActiveCfg = Debug|x64
		{24037B59-E2A0-4432-9A22-888691117322}.Debug|x64.Build.0 = Debug|x64
		{24037B59-E2A0-4432-9A22-888691117322}.Release|x64.ActiveCfg = Release|x64
		{24037B59-E2A0-4432-9A22-888691117322}.Release|x64.Build.0 = Release|x64
		{B12702AD-ABFB-343A-A199-8E24837244A3}.Debug|x64.ActiveCfg = Debug|x64
		{B12702AD-ABFB-343A-A199-8E24837244A3}.Debug|x64.Build.0 = Debug|x64
		{B12702AD-ABFB-343A-A199-8E24837244A3}.Release|x64.ActiveCfg = Release|x64
		{B12702AD-ABFB-343A-A199-8E24837244A3}.Release|x64.Build.0 = Release|x64
	EndGlobalSection
	GlobalSection(SolutionProperties) = preSolution
		HideSolutionNode = FALSE
	EndGlobalSection
	GlobalSection(NestedProjects) = preSolution
		{2A6A98AE-F46F-4C53-8E64-003289FEB7E7} = {0FB85913-F176-4254-9DFA-4E8AFBC24C9A}
		{7B297A7F-71E7-4C85-B840-5A6832D4A34A} = {0FB85913-F176-4254-9DFA-4E8AFBC24C9A}
		{7B297A7F-71E7-4C85-B840-5A6832D4A34B} = {0FB85913-F176-4254-9DFA-4E8AFBC24C9A}
		{A4E6F769-0036-4128-A409-495D9207F587} = {5D965104-E37C-4AAD-9BAD-DF4761CDB1A4}
		{51252F60-B8DC-4090-BBA3-DD05942110F0} = {5D965104-E37C-4AAD-9BAD-DF4761CDB1A4}
		{C077D800-0DBE-4CDA-A586-0E65821D9AAA} = {5D965104-E37C-4AAD-9BAD-DF4761CDB1A4}
		{C077D800-0DBE-4CDA-A586-0E65821D91DB} = {565DC71C-67B1-4B11-A868-5A6EAE8E2AF0}
		{C077D800-0DBE-4CDA-A5AA-0E65821D91DB} = {565DC71C-67B1-4B11-A868-5A6EAE8E2AF0}
		{4BFB75A1-EE52-478A-BDAC-30FFB977EBB7} = {5D965104-E37C-4AAD-9BAD-DF4761CDB1A4}
		{590C7C79-AE16-4DB2-B61C-BB7B25B76B42} = {5D965104-E37C-4AAD-9BAD-DF4761CDB1A4}
		{102DC6F1-CB83-4203-BA24-1C9E812FDE4B} = {5D965104-E37C-4AAD-9BAD-DF4761CDB1A4}
		{F612A767-BA00-42BA-9FDD-C2350132E07F} = {565DC71C-67B1-4B11-A868-5A6EAE8E2AF0}
		{565DC71C-67B1-4B11-A868-5A6EAE8E2AF0} = {5D965104-E37C-4AAD-9BAD-DF4761CDB1A4}
		{1A86B04A-5BD9-47FD-8255-5F309B3FD71B} = {5D965104-E37C-4AAD-9BAD-DF4761CDB1A4}
		{33134F61-C1AD-4B6F-9CEA-503A9F140C52} = {1A86B04A-5BD9-47FD-8255-5F309B3FD71B}
		{7DB10B50-CE00-447A-B322-6844F05D2FCB} = {1A86B04A-5BD9-47FD-8255-5F309B3FD71B}
		{78B079BD-9FC7-4B9E-B4A6-96DA0F00248B} = {1A86B04A-5BD9-47FD-8255-5F309B3FD71B}
		{33134F61-C1AD-4B6F-9999-503A9F140C52} = {1A86B04A-5BD9-47FD-8255-5F309B3FD71B}
		{1BF13067-FCDC-4AF9-935F-E47B9C34D8EF} = {5D965104-E37C-4AAD-9BAD-DF4761CDB1A4}
		{24037B59-E2A0-4432-9A22-888691117321} = {1BF13067-FCDC-4AF9-935F-E47B9C34D8EF}
		{24037B59-E2A0-4432-9A22-888691117322} = {1BF13067-FCDC-4AF9-935F-E47B9C34D8EF}
		{B12702AD-ABFB-343A-A199-8E24837244A3} = {1BF13067-FCDC-4AF9-935F-E47B9C34D8EF}
	EndGlobalSection
	GlobalSection(ExtensibilityGlobals) = postSolution
		SolutionGuid = {8227D3A4-3A1D-4F06-A3DC-BEDBBA4C30B7}
	EndGlobalSection
EndGlobal
