<?xml version="1.0" encoding="utf-8"?>
<Project ToolsVersion="4.0" xmlns="http://schemas.microsoft.com/developer/msbuild/2003">
  <ItemGroup>
    <Filter Include="render">
      <UniqueIdentifier>{3b243b11-73be-4c85-8fe2-742aca54aa3d}</UniqueIdentifier>
    </Filter>
    <Filter Include="assets">
      <UniqueIdentifier>{f70c3088-ec3b-40c7-aca5-5a7883831dd7}</UniqueIdentifier>
    </Filter>
    <Filter Include="assets\zip">
      <UniqueIdentifier>{71b8d141-688c-4208-9b93-8c3296e7d4aa}</UniqueIdentifier>
    </Filter>
    <Filter Include="Passes">
      <UniqueIdentifier>{fcdea860-c3ba-4638-9ad5-2b299b708ea4}</UniqueIdentifier>
    </Filter>
    <Filter Include="FilesStorage">
      <UniqueIdentifier>{d05b0974-a955-426e-9ab3-528efb4fae86}</UniqueIdentifier>
    </Filter>
    <Filter Include="assets\blocks">
      <UniqueIdentifier>{3e74d682-4b91-42c3-8e6a-77f611a94b72}</UniqueIdentifier>
    </Filter>
  </ItemGroup>
  <ItemGroup>
    <ClInclude Include="render\ChunkMesh.h">
      <Filter>render</Filter>
    </ClInclude>
    <ClInclude Include="render\ChunkMeshGenerator.h">
      <Filter>render</Filter>
    </ClInclude>
    <ClInclude Include="assets\AssetCache.h">
      <Filter>assets</Filter>
    </ClInclude>
    <ClInclude Include="assets\stb_image.h">
      <Filter>assets</Filter>
    </ClInclude>
    <ClInclude Include="assets\zip\miniz.h">
      <Filter>assets\zip</Filter>
    </ClInclude>
    <ClInclude Include="Camera.h" />
    <ClInclude Include="ChatWindow.h" />
    <ClInclude Include="Collision.h" />
    <ClInclude Include="PriorityQueue.h" />
    <ClInclude Include="Transform.h" />
    <ClInclude Include="stdafx.h" />
    <ClInclude Include="Passes\MinecraftCubePass.h">
      <Filter>Passes</Filter>
    </ClInclude>
    <ClInclude Include="Passes\MinecraftMaterial.h">
      <Filter>Passes</Filter>
    </ClInclude>
    <ClInclude Include="SceneMinecraft.h" />
    <ClInclude Include="FilesStorage\ZipArchiveStorage.h">
      <Filter>FilesStorage</Filter>
    </ClInclude>
    <ClInclude Include="Passes\MinecraftEntityPass.h">
      <Filter>Passes</Filter>
    </ClInclude>
    <ClInclude Include="assets\blocks\BlockElement.h">
      <Filter>assets\blocks</Filter>
    </ClInclude>
    <ClInclude Include="assets\blocks\BlockFace.h">
      <Filter>assets\blocks</Filter>
    </ClInclude>
    <ClInclude Include="assets\blocks\BlockModel.h">
      <Filter>assets\blocks</Filter>
    </ClInclude>
    <ClInclude Include="assets\blocks\BlockVariant.h">
      <Filter>assets\blocks</Filter>
    </ClInclude>
    <ClInclude Include="assets\ModelsLoader.h">
      <Filter>assets</Filter>
    </ClInclude>
    <ClInclude Include="assets\TexturesLoader.h">
      <Filter>assets</Filter>
    </ClInclude>
    <ClInclude Include="Passes\MinecraftSelectionPass.h">
      <Filter>Passes</Filter>
    </ClInclude>
    <ClInclude Include="assets\BlockstatesLoader.h">
      <Filter>assets</Filter>
    </ClInclude>
    <ClInclude Include="assets\BlocksLoader.h">
      <Filter>assets</Filter>
    </ClInclude>
  </ItemGroup>
  <ItemGroup>
    <ClCompile Include="render\ChunkMesh.cpp">
      <Filter>render</Filter>
    </ClCompile>
    <ClCompile Include="render\ChunkMeshGenerator.cpp">
      <Filter>render</Filter>
    </ClCompile>
    <ClCompile Include="assets\AssetCache.cpp">
      <Filter>assets</Filter>
    </ClCompile>
    <ClCompile Include="assets\zip\miniz.cpp">
      <Filter>assets\zip</Filter>
    </ClCompile>
    <ClCompile Include="Camera.cpp" />
    <ClCompile Include="ChatWindow.cpp" />
    <ClCompile Include="Collision.cpp" />
    <ClCompile Include="stdafx.cpp" />
    <ClCompile Include="Passes\MinecraftCubePass.cpp">
      <Filter>Passes</Filter>
    </ClCompile>
    <ClCompile Include="Passes\MinecraftMaterial.cpp">
      <Filter>Passes</Filter>
    </ClCompile>
    <ClCompile Include="SceneMinecraft.cpp" />
    <ClCompile Include="FilesStorage\ZipArchiveStorage.cpp">
      <Filter>FilesStorage</Filter>
    </ClCompile>
    <ClCompile Include="Passes\MinecraftEntityPass.cpp">
      <Filter>Passes</Filter>
    </ClCompile>
    <ClCompile Include="main.cpp" />
    <ClCompile Include="assets\blocks\BlockFace.cpp">
      <Filter>assets\blocks</Filter>
    </ClCompile>
    <ClCompile Include="assets\blocks\BlockModel.cpp">
      <Filter>assets\blocks</Filter>
    </ClCompile>
    <ClCompile Include="assets\ModelsLoader.cpp">
      <Filter>assets</Filter>
    </ClCompile>
    <ClCompile Include="assets\TexturesLoader.cpp">
      <Filter>assets</Filter>
    </ClCompile>
    <ClCompile Include="Passes\MinecraftSelectionPass.cpp">
      <Filter>Passes</Filter>
    </ClCompile>
    <ClCompile Include="assets\BlockstatesLoader.cpp">
      <Filter>assets</Filter>
    </ClCompile>
    <ClCompile Include="assets\BlocksLoader.cpp">
      <Filter>assets</Filter>
    </ClCompile>
  </ItemGroup>
</Project>