<?xml version="1.0" encoding="utf-8"?>
<Project ToolsVersion="4.0" xmlns="http://schemas.microsoft.com/developer/msbuild/2003">
  <ItemGroup>
    <Filter Include="assets">
      <UniqueIdentifier>{cc96c1cf-b0d6-4bff-a77d-13819da852c9}</UniqueIdentifier>
    </Filter>
    <Filter Include="assets\blocks">
      <UniqueIdentifier>{517872fe-e873-4db5-8ae1-0b75e0e70eb3}</UniqueIdentifier>
    </Filter>
    <Filter Include="block">
      <UniqueIdentifier>{d7804bea-ef6d-4b8c-9d2e-60b34f905034}</UniqueIdentifier>
    </Filter>
    <Filter Include="block\specific">
      <UniqueIdentifier>{ff5a0a17-1905-4bae-bb5a-d5fd295ffc0e}</UniqueIdentifier>
    </Filter>
    <Filter Include="common">
      <UniqueIdentifier>{ae3df99c-9ef7-4707-abc3-6f44164b51d1}</UniqueIdentifier>
    </Filter>
    <Filter Include="core">
      <UniqueIdentifier>{c046487d-3115-4caf-9422-f6ff0391a0a7}</UniqueIdentifier>
    </Filter>
    <Filter Include="entity">
      <UniqueIdentifier>{78d3fc50-b16a-481b-933e-545fc6954220}</UniqueIdentifier>
    </Filter>
    <Filter Include="inventory">
      <UniqueIdentifier>{41dcc315-c843-4a4a-8745-14bcee8fbf26}</UniqueIdentifier>
    </Filter>
    <Filter Include="nbt">
      <UniqueIdentifier>{eece4e03-68a9-465e-805e-1148afbaba99}</UniqueIdentifier>
    </Filter>
    <Filter Include="network">
      <UniqueIdentifier>{09a19fdf-25fe-47bb-a98d-a06aed5af52d}</UniqueIdentifier>
    </Filter>
    <Filter Include="protocol">
      <UniqueIdentifier>{a06d81c7-8f3a-440c-bef1-8326edd72c87}</UniqueIdentifier>
    </Filter>
    <Filter Include="world">
      <UniqueIdentifier>{d55f8564-7b09-409d-8d25-8c86df3ec993}</UniqueIdentifier>
    </Filter>
    <Filter Include="util">
      <UniqueIdentifier>{876223f0-1675-4858-b332-7abf05c1aeb4}</UniqueIdentifier>
    </Filter>
    <Filter Include="protocol\packets">
      <UniqueIdentifier>{ce3356b2-1d9f-4861-869f-c921e936ec17}</UniqueIdentifier>
    </Filter>
    <Filter Include="common\internal">
      <UniqueIdentifier>{52f2cac2-eba7-49b9-906c-13de6436ba81}</UniqueIdentifier>
    </Filter>
  </ItemGroup>
  <ItemGroup>
    <ClInclude Include="block\Block.h">
      <Filter>block</Filter>
    </ClInclude>
    <ClInclude Include="block\BlockRegistry.h">
      <Filter>block</Filter>
    </ClInclude>
    <ClInclude Include="block\BlockEntity.h">
      <Filter>block</Filter>
    </ClInclude>
    <ClInclude Include="block\InventoryBlock.h">
      <Filter>block</Filter>
    </ClInclude>
    <ClInclude Include="block\specific\Banner.h">
      <Filter>block\specific</Filter>
    </ClInclude>
    <ClInclude Include="block\specific\Beacon.h">
      <Filter>block\specific</Filter>
    </ClInclude>
    <ClInclude Include="block\specific\Bed.h">
      <Filter>block\specific</Filter>
    </ClInclude>
    <ClInclude Include="block\specific\Chest.h">
      <Filter>block\specific</Filter>
    </ClInclude>
    <ClInclude Include="block\specific\Dispenser.h">
      <Filter>block\specific</Filter>
    </ClInclude>
    <ClInclude Include="block\specific\Dropper.h">
      <Filter>block\specific</Filter>
    </ClInclude>
    <ClInclude Include="block\specific\EnchantmentTable.h">
      <Filter>block\specific</Filter>
    </ClInclude>
    <ClInclude Include="block\specific\EndGateway.h">
      <Filter>block\specific</Filter>
    </ClInclude>
    <ClInclude Include="block\specific\FlowerPot.h">
      <Filter>block\specific</Filter>
    </ClInclude>
    <ClInclude Include="block\specific\Furnace.h">
      <Filter>block\specific</Filter>
    </ClInclude>
    <ClInclude Include="block\specific\Hopper.h">
      <Filter>block\specific</Filter>
    </ClInclude>
    <ClInclude Include="block\specific\Jukebox.h">
      <Filter>block\specific</Filter>
    </ClInclude>
    <ClInclude Include="block\specific\MonsterSpawner.h">
      <Filter>block\specific</Filter>
    </ClInclude>
    <ClInclude Include="block\specific\NoteBlock.h">
      <Filter>block\specific</Filter>
    </ClInclude>
    <ClInclude Include="block\specific\Piston.h">
      <Filter>block\specific</Filter>
    </ClInclude>
    <ClInclude Include="block\specific\RedstoneComparator.h">
      <Filter>block\specific</Filter>
    </ClInclude>
    <ClInclude Include="block\specific\ShulkerBox.h">
      <Filter>block\specific</Filter>
    </ClInclude>
    <ClInclude Include="block\specific\Sign.h">
      <Filter>block\specific</Filter>
    </ClInclude>
    <ClInclude Include="block\specific\Skull.h">
      <Filter>block\specific</Filter>
    </ClInclude>
    <ClInclude Include="common\Common.h">
      <Filter>common</Filter>
    </ClInclude>
    <ClInclude Include="common\DataBuffer.h">
      <Filter>common</Filter>
    </ClInclude>
    <ClInclude Include="common\DyeColor.h">
      <Filter>common</Filter>
    </ClInclude>
    <ClInclude Include="common\Json.h">
      <Filter>common</Filter>
    </ClInclude>
    <ClInclude Include="common\JsonFwd.h">
      <Filter>common</Filter>
    </ClInclude>
    <ClInclude Include="common\MCString.h">
      <Filter>common</Filter>
    </ClInclude>
    <ClInclude Include="common\Nameable.h">
      <Filter>common</Filter>
    </ClInclude>
    <ClInclude Include="common\Position.h">
      <Filter>common</Filter>
    </ClInclude>
    <ClInclude Include="common\Types.h">
      <Filter>common</Filter>
    </ClInclude>
    <ClInclude Include="common\UUID.h">
      <Filter>common</Filter>
    </ClInclude>
    <ClInclude Include="common\VarInt.h">
      <Filter>common</Filter>
    </ClInclude>
    <ClInclude Include="common\Vector.h">
      <Filter>common</Filter>
    </ClInclude>
    <ClInclude Include="core\AuthToken.h">
      <Filter>core</Filter>
    </ClInclude>
    <ClInclude Include="core\Client.h">
      <Filter>core</Filter>
    </ClInclude>
    <ClInclude Include="core\ClientSettings.h">
      <Filter>core</Filter>
    </ClInclude>
    <ClInclude Include="core\Compression.h">
      <Filter>core</Filter>
    </ClInclude>
    <ClInclude Include="core\Connection.h">
      <Filter>core</Filter>
    </ClInclude>
    <ClInclude Include="core\Encryption.h">
      <Filter>core</Filter>
    </ClInclude>
    <ClInclude Include="core\PlayerManager.h">
      <Filter>core</Filter>
    </ClInclude>
    <ClInclude Include="entity\Attribute.h">
      <Filter>entity</Filter>
    </ClInclude>
    <ClInclude Include="entity\Creeper.h">
      <Filter>entity</Filter>
    </ClInclude>
    <ClInclude Include="entity\Entity.h">
      <Filter>entity</Filter>
    </ClInclude>
    <ClInclude Include="entity\EntityFactory.h">
      <Filter>entity</Filter>
    </ClInclude>
    <ClInclude Include="entity\EntityManager.h">
      <Filter>entity</Filter>
    </ClInclude>
    <ClInclude Include="entity\LivingEntity.h">
      <Filter>entity</Filter>
    </ClInclude>
    <ClInclude Include="entity\Metadata.h">
      <Filter>entity</Filter>
    </ClInclude>
    <ClInclude Include="entity\Monster.h">
      <Filter>entity</Filter>
    </ClInclude>
    <ClInclude Include="entity\Painting.h">
      <Filter>entity</Filter>
    </ClInclude>
    <ClInclude Include="entity\Player.h">
      <Filter>entity</Filter>
    </ClInclude>
    <ClInclude Include="entity\XPOrb.h">
      <Filter>entity</Filter>
    </ClInclude>
    <ClInclude Include="inventory\Hotbar.h">
      <Filter>inventory</Filter>
    </ClInclude>
    <ClInclude Include="inventory\Inventory.h">
      <Filter>inventory</Filter>
    </ClInclude>
    <ClInclude Include="inventory\Slot.h">
      <Filter>inventory</Filter>
    </ClInclude>
    <ClInclude Include="nbt\NBT.h">
      <Filter>nbt</Filter>
    </ClInclude>
    <ClInclude Include="nbt\Tag.h">
      <Filter>nbt</Filter>
    </ClInclude>
    <ClInclude Include="network\IPAddress.h">
      <Filter>network</Filter>
    </ClInclude>
    <ClInclude Include="network\Network.h">
      <Filter>network</Filter>
    </ClInclude>
    <ClInclude Include="network\Socket.h">
      <Filter>network</Filter>
    </ClInclude>
    <ClInclude Include="network\TCPSocket.h">
      <Filter>network</Filter>
    </ClInclude>
    <ClInclude Include="network\UDPSocket.h">
      <Filter>network</Filter>
    </ClInclude>
    <ClInclude Include="world\Chunk.h">
      <Filter>world</Filter>
    </ClInclude>
    <ClInclude Include="world\World.h">
      <Filter>world</Filter>
    </ClInclude>
    <ClInclude Include="util\Forge.h">
      <Filter>util</Filter>
    </ClInclude>
    <ClInclude Include="util\Hash.h">
      <Filter>util</Filter>
    </ClInclude>
    <ClInclude Include="util\HTTPClient.h">
      <Filter>util</Filter>
    </ClInclude>
    <ClInclude Include="util\ObserverSubject.h">
      <Filter>util</Filter>
    </ClInclude>
    <ClInclude Include="util\Tokenizer.h">
      <Filter>util</Filter>
    </ClInclude>
    <ClInclude Include="util\Utility.h">
      <Filter>util</Filter>
    </ClInclude>
    <ClInclude Include="util\VersionFetcher.h">
      <Filter>util</Filter>
    </ClInclude>
    <ClInclude Include="util\Yggdrasil.h">
      <Filter>util</Filter>
    </ClInclude>
    <ClInclude Include="assets\blocks\BlockElement.h">
      <Filter>assets\blocks</Filter>
    </ClInclude>
    <ClInclude Include="assets\blocks\BlockFace.h">
      <Filter>assets\blocks</Filter>
    </ClInclude>
    <ClInclude Include="assets\blocks\BlockModel.h">
      <Filter>assets\blocks</Filter>
    </ClInclude>
    <ClInclude Include="assets\blocks\BlockState.h">
      <Filter>assets\blocks</Filter>
    </ClInclude>
    <ClInclude Include="assets\blocks\BlockVariant.h">
      <Filter>assets\blocks</Filter>
    </ClInclude>
    <ClInclude Include="block\specific\BrewingStand.h">
      <Filter>block\specific</Filter>
    </ClInclude>
    <ClInclude Include="protocol\ProtocolState.h">
      <Filter>protocol</Filter>
    </ClInclude>
    <ClInclude Include="protocol\Protocol.h">
      <Filter>protocol</Filter>
    </ClInclude>
    <ClInclude Include="protocol\packets\PacketsLogin.h">
      <Filter>protocol\packets</Filter>
    </ClInclude>
    <ClInclude Include="protocol\packets\PacketsPlayInbound.h">
      <Filter>protocol\packets</Filter>
    </ClInclude>
    <ClInclude Include="protocol\packets\PacketsPlayOutbound.h">
      <Filter>protocol\packets</Filter>
    </ClInclude>
    <ClInclude Include="protocol\packets\PacketsStatus.h">
      <Filter>protocol\packets</Filter>
    </ClInclude>
    <ClInclude Include="protocol\PacketHandler.h">
      <Filter>protocol</Filter>
    </ClInclude>
    <ClInclude Include="protocol\PacketFactory.h">
      <Filter>protocol</Filter>
    </ClInclude>
    <ClInclude Include="protocol\PacketDispatcher.h">
      <Filter>protocol</Filter>
    </ClInclude>
    <ClInclude Include="protocol\packets\Packet.h">
      <Filter>protocol\packets</Filter>
    </ClInclude>
    <ClInclude Include="stdafx.h">
      <Filter>common</Filter>
    </ClInclude>
    <ClInclude Include="mclib.h">
      <Filter>common</Filter>
    </ClInclude>
    <ClInclude Include="common\internal\json.hpp">
      <Filter>common\internal</Filter>
    </ClInclude>
    <ClInclude Include="common\internal\json_fwd.hpp">
      <Filter>common\internal</Filter>
    </ClInclude>
    <ClInclude Include="world\PlayerController.h">
      <Filter>world</Filter>
    </ClInclude>
    <ClInclude Include="world\PlayerFollower.h">
      <Filter>world</Filter>
    </ClInclude>
    <ClInclude Include="util\Console.h">
      <Filter>util</Filter>
    </ClInclude>
    <ClInclude Include="util\EventLogger.h">
      <Filter>util</Filter>
    </ClInclude>
    <ClInclude Include="util\CreativeCreator.h">
      <Filter>util</Filter>
    </ClInclude>
  </ItemGroup>
  <ItemGroup>
    <ClCompile Include="block\Block.cpp">
      <Filter>block</Filter>
    </ClCompile>
    <ClCompile Include="block\BlockRegistry.cpp">
      <Filter>block</Filter>
    </ClCompile>
    <ClCompile Include="block\BlockEntity.cpp">
      <Filter>block</Filter>
    </ClCompile>
    <ClCompile Include="block\InventoryBlock.cpp">
      <Filter>block</Filter>
    </ClCompile>
    <ClCompile Include="block\specific\Banner.cpp">
      <Filter>block\specific</Filter>
    </ClCompile>
    <ClCompile Include="block\specific\Beacon.cpp">
      <Filter>block\specific</Filter>
    </ClCompile>
    <ClCompile Include="block\specific\Bed.cpp">
      <Filter>block\specific</Filter>
    </ClCompile>
    <ClCompile Include="block\specific\Chest.cpp">
      <Filter>block\specific</Filter>
    </ClCompile>
    <ClCompile Include="block\specific\Dispenser.cpp">
      <Filter>block\specific</Filter>
    </ClCompile>
    <ClCompile Include="block\specific\Dropper.cpp">
      <Filter>block\specific</Filter>
    </ClCompile>
    <ClCompile Include="block\specific\EnchantmentTable.cpp">
      <Filter>block\specific</Filter>
    </ClCompile>
    <ClCompile Include="block\specific\EndGateway.cpp">
      <Filter>block\specific</Filter>
    </ClCompile>
    <ClCompile Include="block\specific\FlowerPot.cpp">
      <Filter>block\specific</Filter>
    </ClCompile>
    <ClCompile Include="block\specific\Furnace.cpp">
      <Filter>block\specific</Filter>
    </ClCompile>
    <ClCompile Include="block\specific\Hopper.cpp">
      <Filter>block\specific</Filter>
    </ClCompile>
    <ClCompile Include="block\specific\Jukebox.cpp">
      <Filter>block\specific</Filter>
    </ClCompile>
    <ClCompile Include="block\specific\MonsterSpawner.cpp">
      <Filter>block\specific</Filter>
    </ClCompile>
    <ClCompile Include="block\specific\NoteBlock.cpp">
      <Filter>block\specific</Filter>
    </ClCompile>
    <ClCompile Include="block\specific\Piston.cpp">
      <Filter>block\specific</Filter>
    </ClCompile>
    <ClCompile Include="block\specific\RedstoneComparator.cpp">
      <Filter>block\specific</Filter>
    </ClCompile>
    <ClCompile Include="block\specific\ShulkerBox.cpp">
      <Filter>block\specific</Filter>
    </ClCompile>
    <ClCompile Include="block\specific\Sign.cpp">
      <Filter>block\specific</Filter>
    </ClCompile>
    <ClCompile Include="block\specific\Skull.cpp">
      <Filter>block\specific</Filter>
    </ClCompile>
    <ClCompile Include="common\DataBuffer.cpp">
      <Filter>common</Filter>
    </ClCompile>
    <ClCompile Include="common\DyeColor.cpp">
      <Filter>common</Filter>
    </ClCompile>
    <ClCompile Include="common\MCString.cpp">
      <Filter>common</Filter>
    </ClCompile>
    <ClCompile Include="common\Position.cpp">
      <Filter>common</Filter>
    </ClCompile>
    <ClCompile Include="common\UUID.cpp">
      <Filter>common</Filter>
    </ClCompile>
    <ClCompile Include="common\VarInt.cpp">
      <Filter>common</Filter>
    </ClCompile>
    <ClCompile Include="core\AuthToken.cpp">
      <Filter>core</Filter>
    </ClCompile>
    <ClCompile Include="core\Client.cpp">
      <Filter>core</Filter>
    </ClCompile>
    <ClCompile Include="core\ClientSettings.cpp">
      <Filter>core</Filter>
    </ClCompile>
    <ClCompile Include="core\Compression.cpp">
      <Filter>core</Filter>
    </ClCompile>
    <ClCompile Include="core\Connection.cpp">
      <Filter>core</Filter>
    </ClCompile>
    <ClCompile Include="core\Encryption.cpp">
      <Filter>core</Filter>
    </ClCompile>
    <ClCompile Include="core\PlayerManager.cpp">
      <Filter>core</Filter>
    </ClCompile>
    <ClCompile Include="entity\EntityManager.cpp">
      <Filter>entity</Filter>
    </ClCompile>
    <ClCompile Include="entity\Metadata.cpp">
      <Filter>entity</Filter>
    </ClCompile>
    <ClCompile Include="inventory\Hotbar.cpp">
      <Filter>inventory</Filter>
    </ClCompile>
    <ClCompile Include="inventory\Inventory.cpp">
      <Filter>inventory</Filter>
    </ClCompile>
    <ClCompile Include="inventory\Slot.cpp">
      <Filter>inventory</Filter>
    </ClCompile>
    <ClCompile Include="nbt\NBT.cpp">
      <Filter>nbt</Filter>
    </ClCompile>
    <ClCompile Include="nbt\Tag.cpp">
      <Filter>nbt</Filter>
    </ClCompile>
    <ClCompile Include="network\IPAddress.cpp">
      <Filter>network</Filter>
    </ClCompile>
    <ClCompile Include="network\Network.cpp">
      <Filter>network</Filter>
    </ClCompile>
    <ClCompile Include="network\Socket.cpp">
      <Filter>network</Filter>
    </ClCompile>
    <ClCompile Include="network\TCPSocket.cpp">
      <Filter>network</Filter>
    </ClCompile>
    <ClCompile Include="network\UDPSocket.cpp">
      <Filter>network</Filter>
    </ClCompile>
    <ClCompile Include="world\Chunk.cpp">
      <Filter>world</Filter>
    </ClCompile>
    <ClCompile Include="world\World.cpp">
      <Filter>world</Filter>
    </ClCompile>
    <ClCompile Include="util\Forge.cpp">
      <Filter>util</Filter>
    </ClCompile>
    <ClCompile Include="util\Hash.cpp">
      <Filter>util</Filter>
    </ClCompile>
    <ClCompile Include="util\HTTPClient.cpp">
      <Filter>util</Filter>
    </ClCompile>
    <ClCompile Include="util\Utility.cpp">
      <Filter>util</Filter>
    </ClCompile>
    <ClCompile Include="util\VersionFetcher.cpp">
      <Filter>util</Filter>
    </ClCompile>
    <ClCompile Include="util\Yggdrasil.cpp">
      <Filter>util</Filter>
    </ClCompile>
    <ClCompile Include="assets\blocks\BlockFace.cpp">
      <Filter>assets\blocks</Filter>
    </ClCompile>
    <ClCompile Include="assets\blocks\BlockModel.cpp">
      <Filter>assets\blocks</Filter>
    </ClCompile>
    <ClCompile Include="assets\blocks\BlockState.cpp">
      <Filter>assets\blocks</Filter>
    </ClCompile>
    <ClCompile Include="block\specific\BrewingStand.cpp">
      <Filter>block\specific</Filter>
    </ClCompile>
    <ClCompile Include="protocol\Protocol.cpp">
      <Filter>protocol</Filter>
    </ClCompile>
    <ClCompile Include="protocol\packets\PacketsLogin.cpp">
      <Filter>protocol\packets</Filter>
    </ClCompile>
    <ClCompile Include="protocol\packets\PacketsPlayInbound.cpp">
      <Filter>protocol\packets</Filter>
    </ClCompile>
    <ClCompile Include="protocol\packets\PacketsPlayOutbound.cpp">
      <Filter>protocol\packets</Filter>
    </ClCompile>
    <ClCompile Include="protocol\packets\PacketsStatus.cpp">
      <Filter>protocol\packets</Filter>
    </ClCompile>
    <ClCompile Include="protocol\PacketHandler.cpp">
      <Filter>protocol</Filter>
    </ClCompile>
    <ClCompile Include="protocol\PacketFactory.cpp">
      <Filter>protocol</Filter>
    </ClCompile>
    <ClCompile Include="protocol\PacketDispatcher.cpp">
      <Filter>protocol</Filter>
    </ClCompile>
    <ClCompile Include="protocol\packets\Packet.cpp">
      <Filter>protocol\packets</Filter>
    </ClCompile>
    <ClCompile Include="stdafx.cpp">
      <Filter>common</Filter>
    </ClCompile>
    <ClCompile Include="world\PlayerController.cpp">
      <Filter>world</Filter>
    </ClCompile>
    <ClCompile Include="world\PlayerFollower.cpp">
      <Filter>world</Filter>
    </ClCompile>
    <ClCompile Include="util\Console.cpp">
      <Filter>util</Filter>
    </ClCompile>
    <ClCompile Include="util\EventLogger.cpp">
      <Filter>util</Filter>
    </ClCompile>
    <ClCompile Include="util\CreativeCreator.cpp">
      <Filter>util</Filter>
    </ClCompile>
  </ItemGroup>
  <ItemGroup>
    <None Include="cpp.hint" />
  </ItemGroup>
</Project>